// !$*UTF8*$!
{
	archiveVersion = 1;
	classes = {
	};
	objectVersion = 56;
	objects = {

/* Begin PBXBuildFile section */
		526E2F4E2C304CCB00BC026B /* AppDelegate.swift in Sources */ = {isa = PBXBuildFile; fileRef = 526E2F4D2C304CCB00BC026B /* AppDelegate.swift */; };
		526E2F502C304CCB00BC026B /* SceneDelegate.swift in Sources */ = {isa = PBXBuildFile; fileRef = 526E2F4F2C304CCB00BC026B /* SceneDelegate.swift */; };
		526E2F522C304CCB00BC026B /* ViewController.swift in Sources */ = {isa = PBXBuildFile; fileRef = 526E2F512C304CCB00BC026B /* ViewController.swift */; };
		526E2F552C304CCB00BC026B /* Main.storyboard in Resources */ = {isa = PBXBuildFile; fileRef = 526E2F532C304CCB00BC026B /* Main.storyboard */; };
		526E2F572C304CCC00BC026B /* Assets.xcassets in Resources */ = {isa = PBXBuildFile; fileRef = 526E2F562C304CCC00BC026B /* Assets.xcassets */; };
		526E2F5A2C304CCC00BC026B /* LaunchScreen.storyboard in Resources */ = {isa = PBXBuildFile; fileRef = 526E2F582C304CCC00BC026B /* LaunchScreen.storyboard */; };
		526E2F622C304D2500BC026B /* Movie.swift in Sources */ = {isa = PBXBuildFile; fileRef = 526E2F612C304D2500BC026B /* Movie.swift */; };
		526E2F642C304D5400BC026B /* NetworkManager.swift in Sources */ = {isa = PBXBuildFile; fileRef = 526E2F632C304D5400BC026B /* NetworkManager.swift */; };
		526E2F662C304DC300BC026B /* MoviesViewController.swift in Sources */ = {isa = PBXBuildFile; fileRef = 526E2F652C304DC300BC026B /* MoviesViewController.swift */; };
		526E2F682C304E4A00BC026B /* MovieDetailsViewController.swift in Sources */ = {isa = PBXBuildFile; fileRef = 526E2F672C304E4A00BC026B /* MovieDetailsViewController.swift */; };
		526E2F6B2C305D2400BC026B /* SDWebImage in Frameworks */ = {isa = PBXBuildFile; productRef = 526E2F6A2C305D2400BC026B /* SDWebImage */; };
		526E2F6D2C305D2400BC026B /* SDWebImageMapKit in Frameworks */ = {isa = PBXBuildFile; productRef = 526E2F6C2C305D2400BC026B /* SDWebImageMapKit */; };
		526E2F6F2C305EB100BC026B /* MovieTableViewCell.swift in Sources */ = {isa = PBXBuildFile; fileRef = 526E2F6E2C305EB100BC026B /* MovieTableViewCell.swift */; };
/* End PBXBuildFile section */

/* Begin PBXFileReference section */
		526E2F4A2C304CCB00BC026B /* MovieList.app */ = {isa = PBXFileReference; explicitFileType = wrapper.application; includeInIndex = 0; path = MovieList.app; sourceTree = BUILT_PRODUCTS_DIR; };
		526E2F4D2C304CCB00BC026B /* AppDelegate.swift */ = {isa = PBXFileReference; lastKnownFileType = sourcecode.swift; path = AppDelegate.swift; sourceTree = "<group>"; };
		526E2F4F2C304CCB00BC026B /* SceneDelegate.swift */ = {isa = PBXFileReference; lastKnownFileType = sourcecode.swift; path = SceneDelegate.swift; sourceTree = "<group>"; };
		526E2F512C304CCB00BC026B /* ViewController.swift */ = {isa = PBXFileReference; lastKnownFileType = sourcecode.swift; path = ViewController.swift; sourceTree = "<group>"; };
		526E2F542C304CCB00BC026B /* Base */ = {isa = PBXFileReference; lastKnownFileType = file.storyboard; name = Base; path = Base.lproj/Main.storyboard; sourceTree = "<group>"; };
		526E2F562C304CCC00BC026B /* Assets.xcassets */ = {isa = PBXFileReference; lastKnownFileType = folder.assetcatalog; path = Assets.xcassets; sourceTree = "<group>"; };
		526E2F592C304CCC00BC026B /* Base */ = {isa = PBXFileReference; lastKnownFileType = file.storyboard; name = Base; path = Base.lproj/LaunchScreen.storyboard; sourceTree = "<group>"; };
		526E2F5B2C304CCC00BC026B /* Info.plist */ = {isa = PBXFileReference; lastKnownFileType = text.plist.xml; path = Info.plist; sourceTree = "<group>"; };
		526E2F612C304D2500BC026B /* Movie.swift */ = {isa = PBXFileReference; lastKnownFileType = sourcecode.swift; path = Movie.swift; sourceTree = "<group>"; };
		526E2F632C304D5400BC026B /* NetworkManager.swift */ = {isa = PBXFileReference; lastKnownFileType = sourcecode.swift; path = NetworkManager.swift; sourceTree = "<group>"; };
		526E2F652C304DC300BC026B /* MoviesViewController.swift */ = {isa = PBXFileReference; lastKnownFileType = sourcecode.swift; path = MoviesViewController.swift; sourceTree = "<group>"; };
		526E2F672C304E4A00BC026B /* MovieDetailsViewController.swift */ = {isa = PBXFileReference; lastKnownFileType = sourcecode.swift; path = MovieDetailsViewController.swift; sourceTree = "<group>"; };
		526E2F6E2C305EB100BC026B /* MovieTableViewCell.swift */ = {isa = PBXFileReference; lastKnownFileType = sourcecode.swift; path = MovieTableViewCell.swift; sourceTree = "<group>"; };
/* End PBXFileReference section */

/* Begin PBXFrameworksBuildPhase section */
		526E2F472C304CCB00BC026B /* Frameworks */ = {
			isa = PBXFrameworksBuildPhase;
			buildActionMask = 2147483647;
			files = (
				526E2F6D2C305D2400BC026B /* SDWebImageMapKit in Frameworks */,
				526E2F6B2C305D2400BC026B /* SDWebImage in Frameworks */,
			);
			runOnlyForDeploymentPostprocessing = 0;
		};
/* End PBXFrameworksBuildPhase section */

/* Begin PBXGroup section */
		526E2F412C304CCB00BC026B = {
			isa = PBXGroup;
			children = (
				526E2F4C2C304CCB00BC026B /* MovieList */,
				526E2F4B2C304CCB00BC026B /* Products */,
			);
			sourceTree = "<group>";
		};
		526E2F4B2C304CCB00BC026B /* Products */ = {
			isa = PBXGroup;
			children = (
				526E2F4A2C304CCB00BC026B /* MovieList.app */,
			);
			name = Products;
			sourceTree = "<group>";
		};
		526E2F4C2C304CCB00BC026B /* MovieList */ = {
			isa = PBXGroup;
			children = (
				526E2F722C30AC7100BC026B /* Controller */,
				526E2F712C30AC6300BC026B /* Model */,
				526E2F702C30AC5900BC026B /* View */,
				526E2F4D2C304CCB00BC026B /* AppDelegate.swift */,
				526E2F4F2C304CCB00BC026B /* SceneDelegate.swift */,
				526E2F512C304CCB00BC026B /* ViewController.swift */,
				526E2F532C304CCB00BC026B /* Main.storyboard */,
				526E2F562C304CCC00BC026B /* Assets.xcassets */,
				526E2F582C304CCC00BC026B /* LaunchScreen.storyboard */,
				526E2F5B2C304CCC00BC026B /* Info.plist */,
			);
			path = MovieList;
			sourceTree = "<group>";
		};
		526E2F702C30AC5900BC026B /* View */ = {
			isa = PBXGroup;
			children = (
				526E2F652C304DC300BC026B /* MoviesViewController.swift */,
				526E2F6E2C305EB100BC026B /* MovieTableViewCell.swift */,
				526E2F672C304E4A00BC026B /* MovieDetailsViewController.swift */,
			);
			path = View;
			sourceTree = "<group>";
		};
		526E2F712C30AC6300BC026B /* Model */ = {
			isa = PBXGroup;
			children = (
				526E2F612C304D2500BC026B /* Movie.swift */,
			);
			path = Model;
			sourceTree = "<group>";
		};
		526E2F722C30AC7100BC026B /* Controller */ = {
			isa = PBXGroup;
			children = (
				526E2F632C304D5400BC026B /* NetworkManager.swift */,
			);
			path = Controller;
			sourceTree = "<group>";
		};
/* End PBXGroup section */

/* Begin PBXNativeTarget section */
		526E2F492C304CCB00BC026B /* MovieList */ = {
			isa = PBXNativeTarget;
			buildConfigurationList = 526E2F5E2C304CCC00BC026B /* Build configuration list for PBXNativeTarget "MovieList" */;
			buildPhases = (
				526E2F462C304CCB00BC026B /* Sources */,
				526E2F472C304CCB00BC026B /* Frameworks */,
				526E2F482C304CCB00BC026B /* Resources */,
			);
			buildRules = (
			);
			dependencies = (
			);
			name = MovieList;
			packageProductDependencies = (
				526E2F6A2C305D2400BC026B /* SDWebImage */,
				526E2F6C2C305D2400BC026B /* SDWebImageMapKit */,
			);
			productName = MovieList;
			productReference = 526E2F4A2C304CCB00BC026B /* MovieList.app */;
			productType = "com.apple.product-type.application";
		};
/* End PBXNativeTarget section */

/* Begin PBXProject section */
		526E2F422C304CCB00BC026B /* Project object */ = {
			isa = PBXProject;
			attributes = {
				BuildIndependentTargetsInParallel = 1;
				LastSwiftUpdateCheck = 1430;
				LastUpgradeCheck = 1430;
				TargetAttributes = {
					526E2F492C304CCB00BC026B = {
						CreatedOnToolsVersion = 14.3.1;
					};
				};
			};
			buildConfigurationList = 526E2F452C304CCB00BC026B /* Build configuration list for PBXProject "MovieList" */;
			compatibilityVersion = "Xcode 14.0";
			developmentRegion = en;
			hasScannedForEncodings = 0;
			knownRegions = (
				en,
				Base,
			);
			mainGroup = 526E2F412C304CCB00BC026B;
			packageReferences = (
				526E2F692C305D2300BC026B /* XCRemoteSwiftPackageReference "SDWebImage" */,
			);
			productRefGroup = 526E2F4B2C304CCB00BC026B /* Products */;
			projectDirPath = "";
			projectRoot = "";
			targets = (
				526E2F492C304CCB00BC026B /* MovieList */,
			);
		};
/* End PBXProject section */

/* Begin PBXResourcesBuildPhase section */
		526E2F482C304CCB00BC026B /* Resources */ = {
			isa = PBXResourcesBuildPhase;
			buildActionMask = 2147483647;
			files = (
				526E2F5A2C304CCC00BC026B /* LaunchScreen.storyboard in Resources */,
				526E2F572C304CCC00BC026B /* Assets.xcassets in Resources */,
				526E2F552C304CCB00BC026B /* Main.storyboard in Resources */,
			);
			runOnlyForDeploymentPostprocessing = 0;
		};
/* End PBXResourcesBuildPhase section */

/* Begin PBXSourcesBuildPhase section */
		526E2F462C304CCB00BC026B /* Sources */ = {
			isa = PBXSourcesBuildPhase;
			buildActionMask = 2147483647;
			files = (
				526E2F522C304CCB00BC026B /* ViewController.swift in Sources */,
				526E2F4E2C304CCB00BC026B /* AppDelegate.swift in Sources */,
				526E2F642C304D5400BC026B /* NetworkManager.swift in Sources */,
				526E2F682C304E4A00BC026B /* MovieDetailsViewController.swift in Sources */,
				526E2F622C304D2500BC026B /* Movie.swift in Sources */,
				526E2F502C304CCB00BC026B /* SceneDelegate.swift in Sources */,
				526E2F6F2C305EB100BC026B /* MovieTableViewCell.swift in Sources */,
				526E2F662C304DC300BC026B /* MoviesViewController.swift in Sources */,
			);
			runOnlyForDeploymentPostprocessing = 0;
		};
/* End PBXSourcesBuildPhase section */

/* Begin PBXVariantGroup section */
		526E2F532C304CCB00BC026B /* Main.storyboard */ = {
			isa = PBXVariantGroup;
			children = (
				526E2F542C304CCB00BC026B /* Base */,
			);
			name = Main.storyboard;
			sourceTree = "<group>";
		};
		526E2F582C304CCC00BC026B /* LaunchScreen.storyboard */ = {
			isa = PBXVariantGroup;
			children = (
				526E2F592C304CCC00BC026B /* Base */,
			);
			name = LaunchScreen.storyboard;
			sourceTree = "<group>";
		};
/* End PBXVariantGroup section */

/* Begin XCBuildConfiguration section */
		526E2F5C2C304CCC00BC026B /* Debug */ = {
			isa = XCBuildConfiguration;
			buildSettings = {
				ALWAYS_SEARCH_USER_PATHS = NO;
				CLANG_ANALYZER_NONNULL = YES;
				CLANG_ANALYZER_NUMBER_OBJECT_CONVERSION = YES_AGGRESSIVE;
				CLANG_CXX_LANGUAGE_STANDARD = "gnu++20";
				CLANG_ENABLE_MODULES = YES;
				CLANG_ENABLE_OBJC_ARC = YES;
				CLANG_ENABLE_OBJC_WEAK = YES;
				CLANG_WARN_BLOCK_CAPTURE_AUTORELEASING = YES;
				CLANG_WARN_BOOL_CONVERSION = YES;
				CLANG_WARN_COMMA = YES;
				CLANG_WARN_CONSTANT_CONVERSION = YES;
				CLANG_WARN_DEPRECATED_OBJC_IMPLEMENTATIONS = YES;
				CLANG_WARN_DIRECT_OBJC_ISA_USAGE = YES_ERROR;
				CLANG_WARN_DOCUMENTATION_COMMENTS = YES;
				CLANG_WARN_EMPTY_BODY = YES;
				CLANG_WARN_ENUM_CONVERSION = YES;
				CLANG_WARN_INFINITE_RECURSION = YES;
				CLANG_WARN_INT_CONVERSION = YES;
				CLANG_WARN_NON_LITERAL_NULL_CONVERSION = YES;
				CLANG_WARN_OBJC_IMPLICIT_RETAIN_SELF = YES;
				CLANG_WARN_OBJC_LITERAL_CONVERSION = YES;
				CLANG_WARN_OBJC_ROOT_CLASS = YES_ERROR;
				CLANG_WARN_QUOTED_INCLUDE_IN_FRAMEWORK_HEADER = YES;
				CLANG_WARN_RANGE_LOOP_ANALYSIS = YES;
				CLANG_WARN_STRICT_PROTOTYPES = YES;
				CLANG_WARN_SUSPICIOUS_MOVE = YES;
				CLANG_WARN_UNGUARDED_AVAILABILITY = YES_AGGRESSIVE;
				CLANG_WARN_UNREACHABLE_CODE = YES;
				CLANG_WARN__DUPLICATE_METHOD_MATCH = YES;
				COPY_PHASE_STRIP = NO;
				DEBUG_INFORMATION_FORMAT = dwarf;
				ENABLE_STRICT_OBJC_MSGSEND = YES;
				ENABLE_TESTABILITY = YES;
				GCC_C_LANGUAGE_STANDARD = gnu11;
				GCC_DYNAMIC_NO_PIC = NO;
				GCC_NO_COMMON_BLOCKS = YES;
				GCC_OPTIMIZATION_LEVEL = 0;
				GCC_PREPROCESSOR_DEFINITIONS = (
					"DEBUG=1",
					"$(inherited)",
				);
				GCC_WARN_64_TO_32_BIT_CONVERSION = YES;
				GCC_WARN_ABOUT_RETURN_TYPE = YES_ERROR;
				GCC_WARN_UNDECLARED_SELECTOR = YES;
				GCC_WARN_UNINITIALIZED_AUTOS = YES_AGGRESSIVE;
				GCC_WARN_UNUSED_FUNCTION = YES;
				GCC_WARN_UNUSED_VARIABLE = YES;
				IPHONEOS_DEPLOYMENT_TARGET = 16.4;
				MTL_ENABLE_DEBUG_INFO = INCLUDE_SOURCE;
				MTL_FAST_MATH = YES;
				ONLY_ACTIVE_ARCH = YES;
				SDKROOT = iphoneos;
				SWIFT_ACTIVE_COMPILATION_CONDITIONS = DEBUG;
				SWIFT_OPTIMIZATION_LEVEL = "-Onone";
			};
			name = Debug;
		};
		526E2F5D2C304CCC00BC026B /* Release */ = {
			isa = XCBuildConfiguration;
			buildSettings = {
				ALWAYS_SEARCH_USER_PATHS = NO;
				CLANG_ANALYZER_NONNULL = YES;
				CLANG_ANALYZER_NUMBER_OBJECT_CONVERSION = YES_AGGRESSIVE;
				CLANG_CXX_LANGUAGE_STANDARD = "gnu++20";
				CLANG_ENABLE_MODULES = YES;
				CLANG_ENABLE_OBJC_ARC = YES;
				CLANG_ENABLE_OBJC_WEAK = YES;
				CLANG_WARN_BLOCK_CAPTURE_AUTORELEASING = YES;
				CLANG_WARN_BOOL_CONVERSION = YES;
				CLANG_WARN_COMMA = YES;
				CLANG_WARN_CONSTANT_CONVERSION = YES;
				CLANG_WARN_DEPRECATED_OBJC_IMPLEMENTATIONS = YES;
				CLANG_WARN_DIRECT_OBJC_ISA_USAGE = YES_ERROR;
				CLANG_WARN_DOCUMENTATION_COMMENTS = YES;
				CLANG_WARN_EMPTY_BODY = YES;
				CLANG_WARN_ENUM_CONVERSION = YES;
				CLANG_WARN_INFINITE_RECURSION = YES;
				CLANG_WARN_INT_CONVERSION = YES;
				CLANG_WARN_NON_LITERAL_NULL_CONVERSION = YES;
				CLANG_WARN_OBJC_IMPLICIT_RETAIN_SELF = YES;
				CLANG_WARN_OBJC_LITERAL_CONVERSION = YES;
				CLANG_WARN_OBJC_ROOT_CLASS = YES_ERROR;
				CLANG_WARN_QUOTED_INCLUDE_IN_FRAMEWORK_HEADER = YES;
				CLANG_WARN_RANGE_LOOP_ANALYSIS = YES;
				CLANG_WARN_STRICT_PROTOTYPES = YES;
				CLANG_WARN_SUSPICIOUS_MOVE = YES;
				CLANG_WARN_UNGUARDED_AVAILABILITY = YES_AGGRESSIVE;
				CLANG_WARN_UNREACHABLE_CODE = YES;
				CLANG_WARN__DUPLICATE_METHOD_MATCH = YES;
				COPY_PHASE_STRIP = NO;
				DEBUG_INFORMATION_FORMAT = "dwarf-with-dsym";
				ENABLE_NS_ASSERTIONS = NO;
				ENABLE_STRICT_OBJC_MSGSEND = YES;
				GCC_C_LANGUAGE_STANDARD = gnu11;
				GCC_NO_COMMON_BLOCKS = YES;
				GCC_WARN_64_TO_32_BIT_CONVERSION = YES;
				GCC_WARN_ABOUT_RETURN_TYPE = YES_ERROR;
				GCC_WARN_UNDECLARED_SELECTOR = YES;
				GCC_WARN_UNINITIALIZED_AUTOS = YES_AGGRESSIVE;
				GCC_WARN_UNUSED_FUNCTION = YES;
				GCC_WARN_UNUSED_VARIABLE = YES;
				IPHONEOS_DEPLOYMENT_TARGET = 16.4;
				MTL_ENABLE_DEBUG_INFO = NO;
				MTL_FAST_MATH = YES;
				SDKROOT = iphoneos;
				SWIFT_COMPILATION_MODE = wholemodule;
				SWIFT_OPTIMIZATION_LEVEL = "-O";
				VALIDATE_PRODUCT = YES;
			};
			name = Release;
		};
		526E2F5F2C304CCC00BC026B /* Debug */ = {
			isa = XCBuildConfiguration;
			buildSettings = {
				ASSETCATALOG_COMPILER_APPICON_NAME = AppIcon;
				ASSETCATALOG_COMPILER_GLOBAL_ACCENT_COLOR_NAME = AccentColor;
				CODE_SIGN_STYLE = Automatic;
				CURRENT_PROJECT_VERSION = 1;
				GENERATE_INFOPLIST_FILE = YES;
				INFOPLIST_FILE = MovieList/Info.plist;
				INFOPLIST_KEY_UIApplicationSupportsIndirectInputEvents = YES;
				INFOPLIST_KEY_UILaunchStoryboardName = LaunchScreen;
				INFOPLIST_KEY_UIMainStoryboardFile = Main;
				INFOPLIST_KEY_UISupportedInterfaceOrientations_iPad = "UIInterfaceOrientationPortrait UIInterfaceOrientationPortraitUpsideDown UIInterfaceOrientationLandscapeLeft UIInterfaceOrientationLandscapeRight";
				INFOPLIST_KEY_UISupportedInterfaceOrientations_iPhone = "UIInterfaceOrientationPortrait UIInterfaceOrientationLandscapeLeft UIInterfaceOrientationLandscapeRight";
				LD_RUNPATH_SEARCH_PATHS = (
					"$(inherited)",
					"@executable_path/Frameworks",
				);
				MARKETING_VERSION = 1.0;
				PRODUCT_BUNDLE_IDENTIFIER = com.ramzi.MovieList;
				PRODUCT_NAME = "$(TARGET_NAME)";
				SWIFT_EMIT_LOC_STRINGS = YES;
				SWIFT_VERSION = 5.0;
				TARGETED_DEVICE_FAMILY = "1,2";
			};
			name = Debug;
		};
		526E2F602C304CCC00BC026B /* Release */ = {
			isa = XCBuildConfiguration;
			buildSettings = {
				ASSETCATALOG_COMPILER_APPICON_NAME = AppIcon;
				ASSETCATALOG_COMPILER_GLOBAL_ACCENT_COLOR_NAME = AccentColor;
				CODE_SIGN_STYLE = Automatic;
				CURRENT_PROJECT_VERSION = 1;
				GENERATE_INFOPLIST_FILE = YES;
				INFOPLIST_FILE = MovieList/Info.plist;
				INFOPLIST_KEY_UIApplicationSupportsIndirectInputEvents = YES;
				INFOPLIST_KEY_UILaunchStoryboardName = LaunchScreen;
				INFOPLIST_KEY_UIMainStoryboardFile = Main;
				INFOPLIST_KEY_UISupportedInterfaceOrientations_iPad = "UIInterfaceOrientationPortrait UIInterfaceOrientationPortraitUpsideDown UIInterfaceOrientationLandscapeLeft UIInterfaceOrientationLandscapeRight";
				INFOPLIST_KEY_UISupportedInterfaceOrientations_iPhone = "UIInterfaceOrientationPortrait UIInterfaceOrientationLandscapeLeft UIInterfaceOrientationLandscapeRight";
				LD_RUNPATH_SEARCH_PATHS = (
					"$(inherited)",
					"@executable_path/Frameworks",
				);
				MARKETING_VERSION = 1.0;
				PRODUCT_BUNDLE_IDENTIFIER = com.ramzi.MovieList;
				PRODUCT_NAME = "$(TARGET_NAME)";
				SWIFT_EMIT_LOC_STRINGS = YES;
				SWIFT_VERSION = 5.0;
				TARGETED_DEVICE_FAMILY = "1,2";
			};
			name = Release;
		};
/* End XCBuildConfiguration section */

/* Begin XCConfigurationList section */
		526E2F452C304CCB00BC026B /* Build configuration list for PBXProject "MovieList" */ = {
			isa = XCConfigurationList;
			buildConfigurations = (
				526E2F5C2C304CCC00BC026B /* Debug */,
				526E2F5D2C304CCC00BC026B /* Release */,
			);
			defaultConfigurationIsVisible = 0;
			defaultConfigurationName = Release;
		};
		526E2F5E2C304CCC00BC026B /* Build configuration list for PBXNativeTarget "MovieList" */ = {
			isa = XCConfigurationList;
			buildConfigurations = (
				526E2F5F2C304CCC00BC026B /* Debug */,
				526E2F602C304CCC00BC026B /* Release */,
			);
			defaultConfigurationIsVisible = 0;
			defaultConfigurationName = Release;
		};
/* End XCConfigurationList section */

/* Begin XCRemoteSwiftPackageReference section */
		526E2F692C305D2300BC026B /* XCRemoteSwiftPackageReference "SDWebImage" */ = {
			isa = XCRemoteSwiftPackageReference;
			repositoryURL = "https://github.com/SDWebImage/SDWebImage";
			requirement = {
				kind = upToNextMajorVersion;
				minimumVersion = 5.0.0;
			};
		};
/* End XCRemoteSwiftPackageReference section */

/* Begin XCSwiftPackageProductDependency section */
		526E2F6A2C305D2400BC026B /* SDWebImage */ = {
			isa = XCSwiftPackageProductDependency;
			package = 526E2F692C305D2300BC026B /* XCRemoteSwiftPackageReference "SDWebImage" */;
			productName = SDWebImage;
		};
		526E2F6C2C305D2400BC026B /* SDWebImageMapKit */ = {
			isa = XCSwiftPackageProductDependency;
			package = 526E2F692C305D2300BC026B /* XCRemoteSwiftPackageReference "SDWebImage" */;
			productName = SDWebImageMapKit;
		};
/* End XCSwiftPackageProductDependency section */
	};
	rootObject = 526E2F422C304CCB00BC026B /* Project object */;
}
